
Microsoft Visual Studio Solution File, Format Version 12.00
# Visual Studio Version 17
VisualStudioVersion = 17.3.32929.385
MinimumVisualStudioVersion = 10.0.40219.1
Project("{FAE04EC0-301F-11D3-BF4B-00C04F79EFBC}") = "PTrampert.SpaHost", "PTrampert.SpaHost\PTrampert.SpaHost.csproj", "{24354069-AAD3-46ED-BC8D-7A3C581431D9}"
EndProject
Global
	GlobalSection(SolutionConfigurationPlatforms) = preSolution
		Debug|Any CPU = Debug|Any CPU
		Release|Any CPU = Release|Any CPU
	EndGlobalSection
	GlobalSection(ProjectConfigurationPlatforms) = postSolution
		{24354069-AAD3-46ED-BC8D-7A3C581431D9}.Debug|Any CPU.ActiveCfg = Debug|Any CPU
		{24354069-AAD3-46ED-BC8D-7A3C581431D9}.Debug|Any CPU.Build.0 = Debug|Any CPU
		{24354069-AAD3-46ED-BC8D-7A3C581431D9}.Release|Any CPU.ActiveCfg = Release|Any CPU
		{24354069-AAD3-46ED-BC8D-7A3C581431D9}.Release|Any CPU.Build.0 = Release|Any CPU
	EndGlobalSection
	GlobalSection(SolutionProperties) = preSolution
		HideSolutionNode = FALSE
	EndGlobalSection
	GlobalSection(ExtensibilityGlobals) = postSolution
		SolutionGuid = {54945C5D-2186-49B8-9E25-167091A1F2D3}
	EndGlobalSection
EndGlobal
